// !$*UTF8*$!
{
	archiveVersion = 1;
	classes = {
	};
	objectVersion = 46;
	objects = {

/* Begin PBXBuildFile section */
		E508BF371C755EE20043F5C2 /* TweetTableViewCell.swift in Sources */ = {isa = PBXBuildFile; fileRef = E508BF361C755EE20043F5C2 /* TweetTableViewCell.swift */; };
		E58614A21C72B0D700AECF69 /* User.swift in Sources */ = {isa = PBXBuildFile; fileRef = E58614A11C72B0D700AECF69 /* User.swift */; };
		E58614A41C72B10200AECF69 /* Tweet.swift in Sources */ = {isa = PBXBuildFile; fileRef = E58614A31C72B10200AECF69 /* Tweet.swift */; };
		E58614AA1C74005D00AECF69 /* TweetsViewController.swift in Sources */ = {isa = PBXBuildFile; fileRef = E58614A91C74005D00AECF69 /* TweetsViewController.swift */; };
		E5F943CD1C710603006345B0 /* AppDelegate.swift in Sources */ = {isa = PBXBuildFile; fileRef = E5F943CC1C710603006345B0 /* AppDelegate.swift */; };
		E5F943CF1C710603006345B0 /* ViewController.swift in Sources */ = {isa = PBXBuildFile; fileRef = E5F943CE1C710603006345B0 /* ViewController.swift */; };
		E5F943D21C710603006345B0 /* Main.storyboard in Resources */ = {isa = PBXBuildFile; fileRef = E5F943D01C710603006345B0 /* Main.storyboard */; };
		E5F943D41C710603006345B0 /* Assets.xcassets in Resources */ = {isa = PBXBuildFile; fileRef = E5F943D31C710603006345B0 /* Assets.xcassets */; };
		E5F943D71C710603006345B0 /* LaunchScreen.storyboard in Resources */ = {isa = PBXBuildFile; fileRef = E5F943D51C710603006345B0 /* LaunchScreen.storyboard */; };
		E5F943E01C710768006345B0 /* Twitter.m in Sources */ = {isa = PBXBuildFile; fileRef = E5F943DF1C710768006345B0 /* Twitter.m */; };
		E5F943E51C710DAF006345B0 /* TwitterClient.swift in Sources */ = {isa = PBXBuildFile; fileRef = E5F943E41C710DAF006345B0 /* TwitterClient.swift */; };
		E68ADE263D79FCDB78FB600E /* Pods_Twitter.framework in Frameworks */ = {isa = PBXBuildFile; fileRef = BC2BDFA75F11542CFAF11A34 /* Pods_Twitter.framework */; };
/* End PBXBuildFile section */

/* Begin PBXFileReference section */
		41CFE6B4108EC3E548838DA1 /* Pods-Twitter.debug.xcconfig */ = {isa = PBXFileReference; includeInIndex = 1; lastKnownFileType = text.xcconfig; name = "Pods-Twitter.debug.xcconfig"; path = "Pods/Target Support Files/Pods-Twitter/Pods-Twitter.debug.xcconfig"; sourceTree = "<group>"; };
		A497A9884FF122D8A097BA45 /* Pods-Twitter.release.xcconfig */ = {isa = PBXFileReference; includeInIndex = 1; lastKnownFileType = text.xcconfig; name = "Pods-Twitter.release.xcconfig"; path = "Pods/Target Support Files/Pods-Twitter/Pods-Twitter.release.xcconfig"; sourceTree = "<group>"; };
		BC2BDFA75F11542CFAF11A34 /* Pods_Twitter.framework */ = {isa = PBXFileReference; explicitFileType = wrapper.framework; includeInIndex = 0; path = Pods_Twitter.framework; sourceTree = BUILT_PRODUCTS_DIR; };
		E508BF361C755EE20043F5C2 /* TweetTableViewCell.swift */ = {isa = PBXFileReference; fileEncoding = 4; lastKnownFileType = sourcecode.swift; path = TweetTableViewCell.swift; sourceTree = "<group>"; };
		E58614A11C72B0D700AECF69 /* User.swift */ = {isa = PBXFileReference; fileEncoding = 4; lastKnownFileType = sourcecode.swift; path = User.swift; sourceTree = "<group>"; };
		E58614A31C72B10200AECF69 /* Tweet.swift */ = {isa = PBXFileReference; fileEncoding = 4; lastKnownFileType = sourcecode.swift; path = Tweet.swift; sourceTree = "<group>"; };
		E58614A91C74005D00AECF69 /* TweetsViewController.swift */ = {isa = PBXFileReference; fileEncoding = 4; lastKnownFileType = sourcecode.swift; path = TweetsViewController.swift; sourceTree = "<group>"; };
		E5F943C91C710603006345B0 /* Twitter.app */ = {isa = PBXFileReference; explicitFileType = wrapper.application; includeInIndex = 0; path = Twitter.app; sourceTree = BUILT_PRODUCTS_DIR; };
		E5F943CC1C710603006345B0 /* AppDelegate.swift */ = {isa = PBXFileReference; lastKnownFileType = sourcecode.swift; path = AppDelegate.swift; sourceTree = "<group>"; };
		E5F943CE1C710603006345B0 /* ViewController.swift */ = {isa = PBXFileReference; lastKnownFileType = sourcecode.swift; path = ViewController.swift; sourceTree = "<group>"; };
		E5F943D11C710603006345B0 /* Base */ = {isa = PBXFileReference; lastKnownFileType = file.storyboard; name = Base; path = Base.lproj/Main.storyboard; sourceTree = "<group>"; };
		E5F943D31C710603006345B0 /* Assets.xcassets */ = {isa = PBXFileReference; lastKnownFileType = folder.assetcatalog; path = Assets.xcassets; sourceTree = "<group>"; };
		E5F943D61C710603006345B0 /* Base */ = {isa = PBXFileReference; lastKnownFileType = file.storyboard; name = Base; path = Base.lproj/LaunchScreen.storyboard; sourceTree = "<group>"; };
		E5F943D81C710603006345B0 /* Info.plist */ = {isa = PBXFileReference; lastKnownFileType = text.plist.xml; path = Info.plist; sourceTree = "<group>"; };
		E5F943DE1C710767006345B0 /* Twitter-Bridging-Header.h */ = {isa = PBXFileReference; lastKnownFileType = sourcecode.c.h; path = "Twitter-Bridging-Header.h"; sourceTree = "<group>"; };
		E5F943DF1C710768006345B0 /* Twitter.m */ = {isa = PBXFileReference; fileEncoding = 4; lastKnownFileType = sourcecode.c.objc; path = Twitter.m; sourceTree = "<group>"; };
		E5F943E41C710DAF006345B0 /* TwitterClient.swift */ = {isa = PBXFileReference; fileEncoding = 4; lastKnownFileType = sourcecode.swift; path = TwitterClient.swift; sourceTree = "<group>"; };
/* End PBXFileReference section */

/* Begin PBXFrameworksBuildPhase section */
		E5F943C61C710603006345B0 /* Frameworks */ = {
			isa = PBXFrameworksBuildPhase;
			buildActionMask = 2147483647;
			files = (
				E68ADE263D79FCDB78FB600E /* Pods_Twitter.framework in Frameworks */,
			);
			runOnlyForDeploymentPostprocessing = 0;
		};
/* End PBXFrameworksBuildPhase section */

/* Begin PBXGroup section */
		4EE7DC17638061596103B862 /* Pods */ = {
			isa = PBXGroup;
			children = (
				41CFE6B4108EC3E548838DA1 /* Pods-Twitter.debug.xcconfig */,
				A497A9884FF122D8A097BA45 /* Pods-Twitter.release.xcconfig */,
			);
			name = Pods;
			sourceTree = "<group>";
		};
		7647E7B3AC7D7EAEE0ACBCBE /* Frameworks */ = {
			isa = PBXGroup;
			children = (
				BC2BDFA75F11542CFAF11A34 /* Pods_Twitter.framework */,
			);
			name = Frameworks;
			sourceTree = "<group>";
		};
		E508BF381C7564740043F5C2 /* View */ = {
			isa = PBXGroup;
			children = (
				E508BF361C755EE20043F5C2 /* TweetTableViewCell.swift */,
			);
			name = View;
			sourceTree = "<group>";
		};
		E58614A01C72B0AB00AECF69 /* Models */ = {
			isa = PBXGroup;
			children = (
				E58614A11C72B0D700AECF69 /* User.swift */,
				E58614A31C72B10200AECF69 /* Tweet.swift */,
			);
			name = Models;
			sourceTree = "<group>";
		};
		E58742971C791A9C006555A6 /* Controller */ = {
			isa = PBXGroup;
			children = (
				E5F943CE1C710603006345B0 /* ViewController.swift */,
				E58614A91C74005D00AECF69 /* TweetsViewController.swift */,
			);
			name = Controller;
			sourceTree = "<group>";
		};
		E5F943C01C710603006345B0 = {
			isa = PBXGroup;
			children = (
				E5F943CB1C710603006345B0 /* Twitter */,
				E5F943CA1C710603006345B0 /* Products */,
				4EE7DC17638061596103B862 /* Pods */,
				7647E7B3AC7D7EAEE0ACBCBE /* Frameworks */,
			);
			sourceTree = "<group>";
		};
		E5F943CA1C710603006345B0 /* Products */ = {
			isa = PBXGroup;
			children = (
				E5F943C91C710603006345B0 /* Twitter.app */,
			);
			name = Products;
			sourceTree = "<group>";
		};
		E5F943CB1C710603006345B0 /* Twitter */ = {
			isa = PBXGroup;
			children = (
				E58742971C791A9C006555A6 /* Controller */,
				E5F943E11C7108DF006345B0 /* API */,
				E58614A01C72B0AB00AECF69 /* Models */,
				E508BF381C7564740043F5C2 /* View */,
				E5F943CC1C710603006345B0 /* AppDelegate.swift */,
				E5F943D01C710603006345B0 /* Main.storyboard */,
				E5F943D31C710603006345B0 /* Assets.xcassets */,
				E5F943D51C710603006345B0 /* LaunchScreen.storyboard */,
				E5F943D81C710603006345B0 /* Info.plist */,
				E5F943DF1C710768006345B0 /* Twitter.m */,
				E5F943DE1C710767006345B0 /* Twitter-Bridging-Header.h */,
			);
			path = Twitter;
			sourceTree = "<group>";
		};
		E5F943E11C7108DF006345B0 /* API */ = {
			isa = PBXGroup;
			children = (
				E5F943E41C710DAF006345B0 /* TwitterClient.swift */,
			);
			name = API;
			sourceTree = "<group>";
		};
/* End PBXGroup section */

/* Begin PBXNativeTarget section */
		E5F943C81C710603006345B0 /* Twitter */ = {
			isa = PBXNativeTarget;
			buildConfigurationList = E5F943DB1C710603006345B0 /* Build configuration list for PBXNativeTarget "Twitter" */;
			buildPhases = (
				49EC72C0C32157DF79B9676D /* Check Pods Manifest.lock */,
				E5F943C51C710603006345B0 /* Sources */,
				E5F943C61C710603006345B0 /* Frameworks */,
				E5F943C71C710603006345B0 /* Resources */,
				0B7F1C3E04DFB3E301A66869 /* Embed Pods Frameworks */,
				274974F8DA9579F67EA25959 /* Copy Pods Resources */,
			);
			buildRules = (
			);
			dependencies = (
			);
			name = Twitter;
			productName = Twitter;
			productReference = E5F943C91C710603006345B0 /* Twitter.app */;
			productType = "com.apple.product-type.application";
		};
/* End PBXNativeTarget section */

/* Begin PBXProject section */
		E5F943C11C710603006345B0 /* Project object */ = {
			isa = PBXProject;
			attributes = {
				LastSwiftUpdateCheck = 0720;
				LastUpgradeCheck = 0720;
				ORGANIZATIONNAME = "Gerardo Vazquez";
				TargetAttributes = {
					E5F943C81C710603006345B0 = {
						CreatedOnToolsVersion = 7.2.1;
						DevelopmentTeam = QNP6W6675Q;
					};
				};
			};
			buildConfigurationList = E5F943C41C710603006345B0 /* Build configuration list for PBXProject "Twitter" */;
			compatibilityVersion = "Xcode 3.2";
			developmentRegion = English;
			hasScannedForEncodings = 0;
			knownRegions = (
				en,
				Base,
			);
			mainGroup = E5F943C01C710603006345B0;
			productRefGroup = E5F943CA1C710603006345B0 /* Products */;
			projectDirPath = "";
			projectRoot = "";
			targets = (
				E5F943C81C710603006345B0 /* Twitter */,
			);
		};
/* End PBXProject section */

/* Begin PBXResourcesBuildPhase section */
		E5F943C71C710603006345B0 /* Resources */ = {
			isa = PBXResourcesBuildPhase;
			buildActionMask = 2147483647;
			files = (
				E5F943D71C710603006345B0 /* LaunchScreen.storyboard in Resources */,
				E5F943D41C710603006345B0 /* Assets.xcassets in Resources */,
				E5F943D21C710603006345B0 /* Main.storyboard in Resources */,
			);
			runOnlyForDeploymentPostprocessing = 0;
		};
/* End PBXResourcesBuildPhase section */

/* Begin PBXShellScriptBuildPhase section */
		0B7F1C3E04DFB3E301A66869 /* Embed Pods Frameworks */ = {
			isa = PBXShellScriptBuildPhase;
			buildActionMask = 2147483647;
			files = (
			);
			inputPaths = (
			);
			name = "Embed Pods Frameworks";
			outputPaths = (
			);
			runOnlyForDeploymentPostprocessing = 0;
			shellPath = /bin/sh;
			shellScript = "\"${SRCROOT}/Pods/Target Support Files/Pods-Twitter/Pods-Twitter-frameworks.sh\"\n";
			showEnvVarsInLog = 0;
		};
		274974F8DA9579F67EA25959 /* Copy Pods Resources */ = {
			isa = PBXShellScriptBuildPhase;
			buildActionMask = 2147483647;
			files = (
			);
			inputPaths = (
			);
			name = "Copy Pods Resources";
			outputPaths = (
			);
			runOnlyForDeploymentPostprocessing = 0;
			shellPath = /bin/sh;
			shellScript = "\"${SRCROOT}/Pods/Target Support Files/Pods-Twitter/Pods-Twitter-resources.sh\"\n";
			showEnvVarsInLog = 0;
		};
		49EC72C0C32157DF79B9676D /* Check Pods Manifest.lock */ = {
			isa = PBXShellScriptBuildPhase;
			buildActionMask = 2147483647;
			files = (
			);
			inputPaths = (
			);
			name = "Check Pods Manifest.lock";
			outputPaths = (
			);
			runOnlyForDeploymentPostprocessing = 0;
			shellPath = /bin/sh;
			shellScript = "diff \"${PODS_ROOT}/../Podfile.lock\" \"${PODS_ROOT}/Manifest.lock\" > /dev/null\nif [[ $? != 0 ]] ; then\n    cat << EOM\nerror: The sandbox is not in sync with the Podfile.lock. Run 'pod install' or update your CocoaPods installation.\nEOM\n    exit 1\nfi\n";
			showEnvVarsInLog = 0;
		};
/* End PBXShellScriptBuildPhase section */

/* Begin PBXSourcesBuildPhase section */
		E5F943C51C710603006345B0 /* Sources */ = {
			isa = PBXSourcesBuildPhase;
			buildActionMask = 2147483647;
			files = (
				E5F943E51C710DAF006345B0 /* TwitterClient.swift in Sources */,
				E5F943E01C710768006345B0 /* Twitter.m in Sources */,
				E5F943CF1C710603006345B0 /* ViewController.swift in Sources */,
				E58614A41C72B10200AECF69 /* Tweet.swift in Sources */,
				E58614AA1C74005D00AECF69 /* TweetsViewController.swift in Sources */,
				E58614A21C72B0D700AECF69 /* User.swift in Sources */,
				E5F943CD1C710603006345B0 /* AppDelegate.swift in Sources */,
				E508BF371C755EE20043F5C2 /* TweetTableViewCell.swift in Sources */,
			);
			runOnlyForDeploymentPostprocessing = 0;
		};
/* End PBXSourcesBuildPhase section */

/* Begin PBXVariantGroup section */
		E5F943D01C710603006345B0 /* Main.storyboard */ = {
			isa = PBXVariantGroup;
			children = (
				E5F943D11C710603006345B0 /* Base */,
			);
			name = Main.storyboard;
			sourceTree = "<group>";
		};
		E5F943D51C710603006345B0 /* LaunchScreen.storyboard */ = {
			isa = PBXVariantGroup;
			children = (
				E5F943D61C710603006345B0 /* Base */,
			);
			name = LaunchScreen.storyboard;
			sourceTree = "<group>";
		};
/* End PBXVariantGroup section */

/* Begin XCBuildConfiguration section */
		E5F943D91C710603006345B0 /* Debug */ = {
			isa = XCBuildConfiguration;
			buildSettings = {
				ALWAYS_SEARCH_USER_PATHS = NO;
				CLANG_CXX_LANGUAGE_STANDARD = "gnu++0x";
				CLANG_CXX_LIBRARY = "libc++";
				CLANG_ENABLE_MODULES = YES;
				CLANG_ENABLE_OBJC_ARC = YES;
				CLANG_WARN_BOOL_CONVERSION = YES;
				CLANG_WARN_CONSTANT_CONVERSION = YES;
				CLANG_WARN_DIRECT_OBJC_ISA_USAGE = YES_ERROR;
				CLANG_WARN_EMPTY_BODY = YES;
				CLANG_WARN_ENUM_CONVERSION = YES;
				CLANG_WARN_INT_CONVERSION = YES;
				CLANG_WARN_OBJC_ROOT_CLASS = YES_ERROR;
				CLANG_WARN_UNREACHABLE_CODE = YES;
				CLANG_WARN__DUPLICATE_METHOD_MATCH = YES;
				"CODE_SIGN_IDENTITY[sdk=iphoneos*]" = "iPhone Developer";
				COPY_PHASE_STRIP = NO;
				DEBUG_INFORMATION_FORMAT = dwarf;
				ENABLE_STRICT_OBJC_MSGSEND = YES;
				ENABLE_TESTABILITY = YES;
				GCC_C_LANGUAGE_STANDARD = gnu99;
				GCC_DYNAMIC_NO_PIC = NO;
				GCC_NO_COMMON_BLOCKS = YES;
				GCC_OPTIMIZATION_LEVEL = 0;
				GCC_PREPROCESSOR_DEFINITIONS = (
					"DEBUG=1",
					"$(inherited)",
				);
				GCC_WARN_64_TO_32_BIT_CONVERSION = YES;
				GCC_WARN_ABOUT_RETURN_TYPE = YES_ERROR;
				GCC_WARN_UNDECLARED_SELECTOR = YES;
				GCC_WARN_UNINITIALIZED_AUTOS = YES_AGGRESSIVE;
				GCC_WARN_UNUSED_FUNCTION = YES;
				GCC_WARN_UNUSED_VARIABLE = YES;
				IPHONEOS_DEPLOYMENT_TARGET = 9.2;
				MTL_ENABLE_DEBUG_INFO = YES;
				ONLY_ACTIVE_ARCH = YES;
				SDKROOT = iphoneos;
				SWIFT_OPTIMIZATION_LEVEL = "-Onone";
			};
			name = Debug;
		};
		E5F943DA1C710603006345B0 /* Release */ = {
			isa = XCBuildConfiguration;
			buildSettings = {
				ALWAYS_SEARCH_USER_PATHS = NO;
				CLANG_CXX_LANGUAGE_STANDARD = "gnu++0x";
				CLANG_CXX_LIBRARY = "libc++";
				CLANG_ENABLE_MODULES = YES;
				CLANG_ENABLE_OBJC_ARC = YES;
				CLANG_WARN_BOOL_CONVERSION = YES;
				CLANG_WARN_CONSTANT_CONVERSION = YES;
				CLANG_WARN_DIRECT_OBJC_ISA_USAGE = YES_ERROR;
				CLANG_WARN_EMPTY_BODY = YES;
				CLANG_WARN_ENUM_CONVERSION = YES;
				CLANG_WARN_INT_CONVERSION = YES;
				CLANG_WARN_OBJC_ROOT_CLASS = YES_ERROR;
				CLANG_WARN_UNREACHABLE_CODE = YES;
				CLANG_WARN__DUPLICATE_METHOD_MATCH = YES;
				"CODE_SIGN_IDENTITY[sdk=iphoneos*]" = "iPhone Developer";
				COPY_PHASE_STRIP = NO;
				DEBUG_INFORMATION_FORMAT = "dwarf-with-dsym";
				ENABLE_NS_ASSERTIONS = NO;
				ENABLE_STRICT_OBJC_MSGSEND = YES;
				GCC_C_LANGUAGE_STANDARD = gnu99;
				GCC_NO_COMMON_BLOCKS = YES;
				GCC_WARN_64_TO_32_BIT_CONVERSION = YES;
				GCC_WARN_ABOUT_RETURN_TYPE = YES_ERROR;
				GCC_WARN_UNDECLARED_SELECTOR = YES;
				GCC_WARN_UNINITIALIZED_AUTOS = YES_AGGRESSIVE;
				GCC_WARN_UNUSED_FUNCTION = YES;
				GCC_WARN_UNUSED_VARIABLE = YES;
				IPHONEOS_DEPLOYMENT_TARGET = 9.2;
				MTL_ENABLE_DEBUG_INFO = NO;
				SDKROOT = iphoneos;
				VALIDATE_PRODUCT = YES;
			};
			name = Release;
		};
		E5F943DC1C710603006345B0 /* Debug */ = {
			isa = XCBuildConfiguration;
			baseConfigurationReference = 41CFE6B4108EC3E548838DA1 /* Pods-Twitter.debug.xcconfig */;
			buildSettings = {
				ASSETCATALOG_COMPILER_APPICON_NAME = AppIcon;
				CLANG_ENABLE_MODULES = YES;
				INFOPLIST_FILE = Twitter/Info.plist;
				LD_RUNPATH_SEARCH_PATHS = "$(inherited) @executable_path/Frameworks";
				PRODUCT_BUNDLE_IDENTIFIER = io.gvzq.github.Twitter;
				PRODUCT_NAME = "$(TARGET_NAME)";
				SWIFT_OBJC_BRIDGING_HEADER = "Twitter/Twitter-Bridging-Header.h";
				SWIFT_OPTIMIZATION_LEVEL = "-Onone";
			};
			name = Debug;
		};
		E5F943DD1C710603006345B0 /* Release */ = {
			isa = XCBuildConfiguration;
			baseConfigurationReference = A497A9884FF122D8A097BA45 /* Pods-Twitter.release.xcconfig */;
			buildSettings = {
				ASSETCATALOG_COMPILER_APPICON_NAME = AppIcon;
				CLANG_ENABLE_MODULES = YES;
				INFOPLIST_FILE = Twitter/Info.plist;
				LD_RUNPATH_SEARCH_PATHS = "$(inherited) @executable_path/Frameworks";
				PRODUCT_BUNDLE_IDENTIFIER = io.gvzq.github.Twitter;
				PRODUCT_NAME = "$(TARGET_NAME)";
				SWIFT_OBJC_BRIDGING_HEADER = "Twitter/Twitter-Bridging-Header.h";
			};
			name = Release;
		};
/* End XCBuildConfiguration section */

/* Begin XCConfigurationList section */
		E5F943C41C710603006345B0 /* Build configuration list for PBXProject "Twitter" */ = {
			isa = XCConfigurationList;
			buildConfigurations = (
				E5F943D91C710603006345B0 /* Debug */,
				E5F943DA1C710603006345B0 /* Release */,
			);
			defaultConfigurationIsVisible = 0;
			defaultConfigurationName = Release;
		};
		E5F943DB1C710603006345B0 /* Build configuration list for PBXNativeTarget "Twitter" */ = {
			isa = XCConfigurationList;
			buildConfigurations = (
				E5F943DC1C710603006345B0 /* Debug */,
				E5F943DD1C710603006345B0 /* Release */,
			);
			defaultConfigurationIsVisible = 0;
			defaultConfigurationName = Release;
		};
/* End XCConfigurationList section */
	};
	rootObject = E5F943C11C710603006345B0 /* Project object */;
}
